
Microsoft Visual Studio Solution File, Format Version 12.00
# Visual Studio Version 17
VisualStudioVersion = 17.8.34205.153
MinimumVisualStudioVersion = 10.0.40219.1
Project("{2150E333-8FDC-42A3-9474-1A3956D46DE8}") = "Domain", "Domain", "{84242446-4EC9-432E-9F2A-5714D17945E0}"
EndProject
Project("{2150E333-8FDC-42A3-9474-1A3956D46DE8}") = "Application", "Application", "{3AAED1B6-0802-4B65-94F9-97667C45D09D}"
EndProject
Project("{2150E333-8FDC-42A3-9474-1A3956D46DE8}") = "Infra", "Infra", "{B992D101-7B52-464F-885B-E9F777CDE5C0}"
EndProject
Project("{2150E333-8FDC-42A3-9474-1A3956D46DE8}") = "Presentation", "Presentation", "{CCB0B2BB-BC66-4233-A9F6-6DBC4C4AA5D7}"
EndProject
Project("{9A19103F-16F7-4668-BE54-9A1E7A4F7556}") = "Entities", "Domain\Entities\Entities.csproj", "{D703B4C8-CB3D-460E-85BD-FA917D52F6BB}"
EndProject
Project("{9A19103F-16F7-4668-BE54-9A1E7A4F7556}") = "UseCases", "Domain\Services\UseCases.csproj", "{7B40619F-F4F5-4453-9BE5-2E4477AEF5B2}"
EndProject
Project("{9A19103F-16F7-4668-BE54-9A1E7A4F7556}") = "Data.Entities", "Infra\DataEntities\Data.Entities.csproj", "{C49C56CD-49BF-41EB-9EA0-CAFF366C9DD6}"
EndProject
Project("{9A19103F-16F7-4668-BE54-9A1E7A4F7556}") = "Data.Persistence", "Infra\Data.Persistence\Data.Persistence.csproj", "{91EB5F66-02FB-4EF0-91D9-9396633BFD9C}"
EndProject
Project("{9A19103F-16F7-4668-BE54-9A1E7A4F7556}") = "API", "Presentation\API\API.csproj", "{3675AD61-C052-4A41-BB78-0288FA397ABA}"
EndProject
Project("{9A19103F-16F7-4668-BE54-9A1E7A4F7556}") = "Services", "Application\Services\Services.csproj", "{A5C3BC5A-16F5-481D-AB02-8843717D1981}"
EndProject
Project("{9A19103F-16F7-4668-BE54-9A1E7A4F7556}") = "DTOs", "DTOs\DTOs.csproj", "{1D2DBBFE-8D55-4DB6-9881-317F3A6DDE6B}"
EndProject
Project("{FAE04EC0-301F-11D3-BF4B-00C04F79EFBC}") = "PaymentGateways", "Infra\PaymentGateways\PaymentGateways.csproj", "{C98B029F-5BA6-4BFF-9777-FA17C1308DE2}"
EndProject
Global
	GlobalSection(SolutionConfigurationPlatforms) = preSolution
		Debug|Any CPU = Debug|Any CPU
		Release|Any CPU = Release|Any CPU
	EndGlobalSection
	GlobalSection(ProjectConfigurationPlatforms) = postSolution
		{D703B4C8-CB3D-460E-85BD-FA917D52F6BB}.Debug|Any CPU.ActiveCfg = Debug|Any CPU
		{D703B4C8-CB3D-460E-85BD-FA917D52F6BB}.Debug|Any CPU.Build.0 = Debug|Any CPU
		{D703B4C8-CB3D-460E-85BD-FA917D52F6BB}.Release|Any CPU.ActiveCfg = Release|Any CPU
		{D703B4C8-CB3D-460E-85BD-FA917D52F6BB}.Release|Any CPU.Build.0 = Release|Any CPU
		{7B40619F-F4F5-4453-9BE5-2E4477AEF5B2}.Debug|Any CPU.ActiveCfg = Debug|Any CPU
		{7B40619F-F4F5-4453-9BE5-2E4477AEF5B2}.Debug|Any CPU.Build.0 = Debug|Any CPU
		{7B40619F-F4F5-4453-9BE5-2E4477AEF5B2}.Release|Any CPU.ActiveCfg = Release|Any CPU
		{7B40619F-F4F5-4453-9BE5-2E4477AEF5B2}.Release|Any CPU.Build.0 = Release|Any CPU
		{C49C56CD-49BF-41EB-9EA0-CAFF366C9DD6}.Debug|Any CPU.ActiveCfg = Debug|Any CPU
		{C49C56CD-49BF-41EB-9EA0-CAFF366C9DD6}.Debug|Any CPU.Build.0 = Debug|Any CPU
		{C49C56CD-49BF-41EB-9EA0-CAFF366C9DD6}.Release|Any CPU.ActiveCfg = Release|Any CPU
		{C49C56CD-49BF-41EB-9EA0-CAFF366C9DD6}.Release|Any CPU.Build.0 = Release|Any CPU
		{91EB5F66-02FB-4EF0-91D9-9396633BFD9C}.Debug|Any CPU.ActiveCfg = Debug|Any CPU
		{91EB5F66-02FB-4EF0-91D9-9396633BFD9C}.Debug|Any CPU.Build.0 = Debug|Any CPU
		{91EB5F66-02FB-4EF0-91D9-9396633BFD9C}.Release|Any CPU.ActiveCfg = Release|Any CPU
		{91EB5F66-02FB-4EF0-91D9-9396633BFD9C}.Release|Any CPU.Build.0 = Release|Any CPU
		{3675AD61-C052-4A41-BB78-0288FA397ABA}.Debug|Any CPU.ActiveCfg = Debug|Any CPU
		{3675AD61-C052-4A41-BB78-0288FA397ABA}.Debug|Any CPU.Build.0 = Debug|Any CPU
		{3675AD61-C052-4A41-BB78-0288FA397ABA}.Release|Any CPU.ActiveCfg = Release|Any CPU
		{3675AD61-C052-4A41-BB78-0288FA397ABA}.Release|Any CPU.Build.0 = Release|Any CPU
		{A5C3BC5A-16F5-481D-AB02-8843717D1981}.Debug|Any CPU.ActiveCfg = Debug|Any CPU
		{A5C3BC5A-16F5-481D-AB02-8843717D1981}.Debug|Any CPU.Build.0 = Debug|Any CPU
		{A5C3BC5A-16F5-481D-AB02-8843717D1981}.Release|Any CPU.ActiveCfg = Release|Any CPU
		{A5C3BC5A-16F5-481D-AB02-8843717D1981}.Release|Any CPU.Build.0 = Release|Any CPU
		{1D2DBBFE-8D55-4DB6-9881-317F3A6DDE6B}.Debug|Any CPU.ActiveCfg = Debug|Any CPU
		{1D2DBBFE-8D55-4DB6-9881-317F3A6DDE6B}.Debug|Any CPU.Build.0 = Debug|Any CPU
		{1D2DBBFE-8D55-4DB6-9881-317F3A6DDE6B}.Release|Any CPU.ActiveCfg = Release|Any CPU
		{1D2DBBFE-8D55-4DB6-9881-317F3A6DDE6B}.Release|Any CPU.Build.0 = Release|Any CPU
		{C98B029F-5BA6-4BFF-9777-FA17C1308DE2}.Debug|Any CPU.ActiveCfg = Debug|Any CPU
		{C98B029F-5BA6-4BFF-9777-FA17C1308DE2}.Debug|Any CPU.Build.0 = Debug|Any CPU
		{C98B029F-5BA6-4BFF-9777-FA17C1308DE2}.Release|Any CPU.ActiveCfg = Release|Any CPU
		{C98B029F-5BA6-4BFF-9777-FA17C1308DE2}.Release|Any CPU.Build.0 = Release|Any CPU
	EndGlobalSection
	GlobalSection(SolutionProperties) = preSolution
		HideSolutionNode = FALSE
	EndGlobalSection
	GlobalSection(NestedProjects) = preSolution
		{D703B4C8-CB3D-460E-85BD-FA917D52F6BB} = {84242446-4EC9-432E-9F2A-5714D17945E0}
		{7B40619F-F4F5-4453-9BE5-2E4477AEF5B2} = {84242446-4EC9-432E-9F2A-5714D17945E0}
		{C49C56CD-49BF-41EB-9EA0-CAFF366C9DD6} = {B992D101-7B52-464F-885B-E9F777CDE5C0}
		{91EB5F66-02FB-4EF0-91D9-9396633BFD9C} = {B992D101-7B52-464F-885B-E9F777CDE5C0}
		{3675AD61-C052-4A41-BB78-0288FA397ABA} = {CCB0B2BB-BC66-4233-A9F6-6DBC4C4AA5D7}
		{A5C3BC5A-16F5-481D-AB02-8843717D1981} = {3AAED1B6-0802-4B65-94F9-97667C45D09D}
		{1D2DBBFE-8D55-4DB6-9881-317F3A6DDE6B} = {3AAED1B6-0802-4B65-94F9-97667C45D09D}
		{C98B029F-5BA6-4BFF-9777-FA17C1308DE2} = {B992D101-7B52-464F-885B-E9F777CDE5C0}
	EndGlobalSection
	GlobalSection(ExtensibilityGlobals) = postSolution
		SolutionGuid = {FD8573A6-03A6-4CBB-93F2-29FAA50164AE}
	EndGlobalSection
EndGlobal
